
Microsoft Visual Studio Solution File, Format Version 12.00
# Visual Studio Version 16
VisualStudioVersion = 16.0.29324.140
MinimumVisualStudioVersion = 10.0.40219.1
Project("{FAE04EC0-301F-11D3-BF4B-00C04F79EFBC}") = "CiaoMondo", "CiaoMondo\CiaoMondo.csproj", "{318FBEB7-84E2-4A14-8CE2-CC0C48CF9F36}"
EndProject
Global
	GlobalSection(SolutionConfigurationPlatforms) = preSolution
		Debug|Any CPU = Debug|Any CPU
		Release|Any CPU = Release|Any CPU
	EndGlobalSection
	GlobalSection(ProjectConfigurationPlatforms) = postSolution
		{318FBEB7-84E2-4A14-8CE2-CC0C48CF9F36}.Debug|Any CPU.ActiveCfg = Debug|Any CPU
		{318FBEB7-84E2-4A14-8CE2-CC0C48CF9F36}.Debug|Any CPU.Build.0 = Debug|Any CPU
		{318FBEB7-84E2-4A14-8CE2-CC0C48CF9F36}.Release|Any CPU.ActiveCfg = Release|Any CPU
		{318FBEB7-84E2-4A14-8CE2-CC0C48CF9F36}.Release|Any CPU.Build.0 = Release|Any CPU
	EndGlobalSection
	GlobalSection(SolutionProperties) = preSolution
		HideSolutionNode = FALSE
	EndGlobalSection
	GlobalSection(ExtensibilityGlobals) = postSolution
		SolutionGuid = {1E50D712-D3AA-4133-A3F2-FF61C2E78E80}
	EndGlobalSection
EndGlobal
